
Microsoft Visual Studio Solution File, Format Version 12.00
# Visual Studio Version 16
VisualStudioVersion = 16.0.30524.135
MinimumVisualStudioVersion = 10.0.40219.1
Project("{FAE04EC0-301F-11D3-BF4B-00C04F79EFBC}") = "Json", "Json\Json.csproj", "{BEEAB3B5-C6AE-4FD0-83BC-F193DDC581EC}"
EndProject
Global
	GlobalSection(SolutionConfigurationPlatforms) = preSolution
		Debug|Any CPU = Debug|Any CPU
		Release|Any CPU = Release|Any CPU
	EndGlobalSection
	GlobalSection(ProjectConfigurationPlatforms) = postSolution
		{BEEAB3B5-C6AE-4FD0-83BC-F193DDC581EC}.Debug|Any CPU.ActiveCfg = Debug|Any CPU
		{BEEAB3B5-C6AE-4FD0-83BC-F193DDC581EC}.Debug|Any CPU.Build.0 = Debug|Any CPU
		{BEEAB3B5-C6AE-4FD0-83BC-F193DDC581EC}.Release|Any CPU.ActiveCfg = Release|Any CPU
		{BEEAB3B5-C6AE-4FD0-83BC-F193DDC581EC}.Release|Any CPU.Build.0 = Release|Any CPU
	EndGlobalSection
	GlobalSection(SolutionProperties) = preSolution
		HideSolutionNode = FALSE
	EndGlobalSection
	GlobalSection(ExtensibilityGlobals) = postSolution
		SolutionGuid = {C7137290-E950-4450-AD06-74893AF01C8D}
	EndGlobalSection
EndGlobal
